{
    "_meta": {
        "hash": {
            "sha256": "13b63870e34dcc018caaef61a1d2f28e2b11cfe6f9d2f6f936d110c4734c59e8"
        },
        "pipfile-spec": 6,
        "requires": {
            "python_version": "3.8"
        },
        "sources": [
            {
                "name": "pypi",
                "url": "https://pypi.python.org/simple",
                "verify_ssl": true
            }
        ]
    },
    "default": {
        "appier": {
            "hashes": [
                "sha256:7a1d01c827d17c733e4ffcb8f1f0a0391fbff367325d0758b2f0742557981243",
                "sha256:fe8403ba8b8ca49ea9b8c9c1b6e37e4b505a702cc9c84dd2fcb0a6e50bbcec04"
            ],
            "version": "==1.30.0"
        },
        "cachetools": {
            "hashes": [
                "sha256:6a94c6402995a99c3970cc7e4884bb60b4a8639938157eeed436098bf9831757",
                "sha256:f9f17d2aec496a9aa6b76f53e3b614c965223c061982d434d160f930c698a9db"
            ],
            "markers": "python_version ~= '3.7'",
            "version": "==5.2.0"
        },
        "certifi": {
            "hashes": [
                "sha256:0d9c601124e5a6ba9712dbc60d9c53c21e34f5f641fe83002317394311bdce14",
                "sha256:90c1a32f1d68f940488354e36370f6cca89f0f106db09518524c88d6ed83f382"
            ],
            "markers": "python_version >= '3.6'",
            "version": "==2022.9.24"
        },
        "charset-normalizer": {
            "hashes": [
                "sha256:5a3d016c7c547f69d6f81fb0db9449ce888b418b5b9952cc5e6e66843e9dd845",
                "sha256:83e9a75d1911279afd89352c68b45348559d1fc0506b054b346651b5e7fee29f"
            ],
            "markers": "python_version >= '3.6'",
            "version": "==2.1.1"
        },
        "dataclasses": {
            "hashes": [
                "sha256:454a69d788c7fda44efd71e259be79577822f5e3f53f029a22d08004e951dc9f",
                "sha256:6988bd2b895eef432d562370bb707d540f32f7360ab13da45340101bc2307d84"
            ],
            "version": "==0.6"
        },
        "ecdsa": {
            "hashes": [
                "sha256:190348041559e21b22a1d65cee485282ca11a6f81d503fddb84d5017e9ed1e49",
                "sha256:80600258e7ed2f16b9aa1d7c295bd70194109ad5a30fdee0eaeefef1d4c559dd"
            ],
            "markers": "python_version >= '2.6' and python_version not in '3.0, 3.1, 3.2, 3.3'",
            "version": "==0.18.0"
        },
        "google-api": {
            "hashes": [
                "sha256:5611c87cdfc6b72927a5e2ea9299ddd6f3a206e29a342b86d3ff3ecc351c30a3",
                "sha256:618f9f2076482a128c408867b5398b291938fe8e653ed7f8ed58fce5042f0c75"
            ],
            "version": "==0.1.12"
        },
        "google-api-core": {
            "hashes": [
                "sha256:10c06f7739fe57781f87523375e8e1a3a4674bf6392cd6131a3222182b971320",
                "sha256:34f24bd1d5f72a8c4519773d99ca6bf080a6c4e041b4e9f024fe230191dda62e"
            ],
            "markers": "python_version >= '3.7'",
            "version": "==2.10.2"
        },
        "google-auth": {
            "hashes": [
                "sha256:ccaa901f31ad5cbb562615eb8b664b3dd0bf5404a67618e642307f00613eda4d",
                "sha256:f5d8701633bebc12e0deea4df8abd8aff31c28b355360597f7f2ee60f2e4d016"
            ],
            "markers": "python_version >= '2.7' and python_version not in '3.0, 3.1, 3.2, 3.3, 3.4, 3.5'",
            "version": "==2.14.1"
        },
        "googleapis-common-protos": {
            "hashes": [
                "sha256:27a849d6205838fb6cc3c1c21cb9800707a661bb21c6ce7fb13e99eb1f8a0c46",
                "sha256:a9f4a1d7f6d9809657b7f1316a1aa527f6664891531bcfcc13b6696e685f443c"
            ],
            "markers": "python_version >= '3.7'",
            "version": "==1.57.0"
        },
        "grpcio": {
            "hashes": [
                "sha256:05f7c248e440f538aaad13eee78ef35f0541e73498dd6f832fe284542ac4b298",
                "sha256:080b66253f29e1646ac53ef288c12944b131a2829488ac3bac8f52abb4413c0d",
                "sha256:12b479839a5e753580b5e6053571de14006157f2ef9b71f38c56dc9b23b95ad6",
                "sha256:156f8009e36780fab48c979c5605eda646065d4695deea4cfcbcfdd06627ddb6",
                "sha256:15f9e6d7f564e8f0776770e6ef32dac172c6f9960c478616c366862933fa08b4",
                "sha256:177afaa7dba3ab5bfc211a71b90da1b887d441df33732e94e26860b3321434d9",
                "sha256:1a4cd8cb09d1bc70b3ea37802be484c5ae5a576108bad14728f2516279165dd7",
                "sha256:1d8d02dbb616c0a9260ce587eb751c9c7dc689bc39efa6a88cc4fa3e9c138a7b",
                "sha256:2b71916fa8f9eb2abd93151fafe12e18cebb302686b924bd4ec39266211da525",
                "sha256:2d9fd6e38b16c4d286a01e1776fdf6c7a4123d99ae8d6b3f0b4a03a34bf6ce45",
                "sha256:3b611b3de3dfd2c47549ca01abfa9bbb95937eb0ea546ea1d762a335739887be",
                "sha256:3e4244c09cc1b65c286d709658c061f12c61c814be0b7030a2d9966ff02611e0",
                "sha256:40838061e24f960b853d7bce85086c8e1b81c6342b1f4c47ff0edd44bbae2722",
                "sha256:4b123fbb7a777a2fedec684ca0b723d85e1d2379b6032a9a9b7851829ed3ca9a",
                "sha256:531f8b46f3d3db91d9ef285191825d108090856b3bc86a75b7c3930f16ce432f",
                "sha256:67dd41a31f6fc5c7db097a5c14a3fa588af54736ffc174af4411d34c4f306f68",
                "sha256:7489dbb901f4fdf7aec8d3753eadd40839c9085967737606d2c35b43074eea24",
                "sha256:8d4c8e73bf20fb53fe5a7318e768b9734cf122fe671fcce75654b98ba12dfb75",
                "sha256:8e69aa4e9b7f065f01d3fdcecbe0397895a772d99954bb82eefbb1682d274518",
                "sha256:8e8999a097ad89b30d584c034929f7c0be280cd7851ac23e9067111167dcbf55",
                "sha256:906f4d1beb83b3496be91684c47a5d870ee628715227d5d7c54b04a8de802974",
                "sha256:92d7635d1059d40d2ec29c8bf5ec58900120b3ce5150ef7414119430a4b2dd5c",
                "sha256:931e746d0f75b2a5cff0a1197d21827a3a2f400c06bace036762110f19d3d507",
                "sha256:95ce51f7a09491fb3da8cf3935005bff19983b77c4e9437ef77235d787b06842",
                "sha256:9eea18a878cffc804506d39c6682d71f6b42ec1c151d21865a95fae743fda500",
                "sha256:a23d47f2fc7111869f0ff547f771733661ff2818562b04b9ed674fa208e261f4",
                "sha256:a4c23e54f58e016761b576976da6a34d876420b993f45f66a2bfb00363ecc1f9",
                "sha256:a50a1be449b9e238b9bd43d3857d40edf65df9416dea988929891d92a9f8a778",
                "sha256:ab5d0e3590f0a16cb88de4a3fa78d10eb66a84ca80901eb2c17c1d2c308c230f",
                "sha256:ae23daa7eda93c1c49a9ecc316e027ceb99adbad750fbd3a56fa9e4a2ffd5ae0",
                "sha256:af98d49e56605a2912cf330b4627e5286243242706c3a9fa0bcec6e6f68646fc",
                "sha256:b2f77a90ba7b85bfb31329f8eab9d9540da2cf8a302128fb1241d7ea239a5469",
                "sha256:baab51dcc4f2aecabf4ed1e2f57bceab240987c8b03533f1cef90890e6502067",
                "sha256:ca8a2254ab88482936ce941485c1c20cdeaef0efa71a61dbad171ab6758ec998",
                "sha256:cb11464f480e6103c59d558a3875bd84eed6723f0921290325ebe97262ae1347",
                "sha256:ce8513aee0af9c159319692bfbf488b718d1793d764798c3d5cff827a09e25ef",
                "sha256:cf151f97f5f381163912e8952eb5b3afe89dec9ed723d1561d59cabf1e219a35",
                "sha256:d144ad10eeca4c1d1ce930faa105899f86f5d99cecfe0d7224f3c4c76265c15e",
                "sha256:d534d169673dd5e6e12fb57cc67664c2641361e1a0885545495e65a7b761b0f4",
                "sha256:d75061367a69808ab2e84c960e9dce54749bcc1e44ad3f85deee3a6c75b4ede9",
                "sha256:d84d04dec64cc4ed726d07c5d17b73c343c8ddcd6b59c7199c801d6bbb9d9ed1",
                "sha256:de411d2b030134b642c092e986d21aefb9d26a28bf5a18c47dd08ded411a3bc5",
                "sha256:e07fe0d7ae395897981d16be61f0db9791f482f03fee7d1851fe20ddb4f69c03",
                "sha256:ea8ccf95e4c7e20419b7827aa5b6da6f02720270686ac63bd3493a651830235c",
                "sha256:f7025930039a011ed7d7e7ef95a1cb5f516e23c5a6ecc7947259b67bea8e06ca"
            ],
            "markers": "python_version >= '3.7'",
            "version": "==1.50.0"
        },
        "idna": {
            "hashes": [
                "sha256:814f528e8dead7d329833b91c5faa87d60bf71824cd12a7530b5526063d02cb4",
                "sha256:90b77e79eaa3eba6de819a0c442c0b4ceefc341a7a2ab77d7562bf49f425c5c2"
            ],
            "markers": "python_version >= '3.5'",
            "version": "==3.4"
        },
        "immudb-py": {
            "hashes": [
                "sha256:441e6e2cc31e869ceaf1c13c225adadc364f26f1f6341181f5b6d1b48e22ed2f",
                "sha256:8c735072ac33b42b2bed1c573ed57fd624cc4eb2572b7e13616bb8106ce8e090"
            ],
            "index": "pypi",
            "version": "==1.3.1"
        },
        "protobuf": {
            "hashes": [
                "sha256:03d76b7bd42ac4a6e109742a4edf81ffe26ffd87c5993126d894fe48a120396a",
                "sha256:09e25909c4297d71d97612f04f41cea8fa8510096864f2835ad2f3b3df5a5559",
                "sha256:18e34a10ae10d458b027d7638a599c964b030c1739ebd035a1dfc0e22baa3bfe",
                "sha256:291fb4307094bf5ccc29f424b42268640e00d5240bf0d9b86bf3079f7576474d",
                "sha256:2c0b040d0b5d5d207936ca2d02f00f765906622c07d3fa19c23a16a8ca71873f",
                "sha256:384164994727f274cc34b8abd41a9e7e0562801361ee77437099ff6dfedd024b",
                "sha256:3cb608e5a0eb61b8e00fe641d9f0282cd0eedb603be372f91f163cbfbca0ded0",
                "sha256:5d9402bf27d11e37801d1743eada54372f986a372ec9679673bfcc5c60441151",
                "sha256:712dca319eee507a1e7df3591e639a2b112a2f4a62d40fe7832a16fd19151750",
                "sha256:7a5037af4e76c975b88c3becdf53922b5ffa3f2cddf657574a4920a3b33b80f3",
                "sha256:8228e56a865c27163d5d1d1771d94b98194aa6917bcfb6ce139cbfa8e3c27334",
                "sha256:84a1544252a933ef07bb0b5ef13afe7c36232a774affa673fc3636f7cee1db6c",
                "sha256:84fe5953b18a383fd4495d375fe16e1e55e0a3afe7b4f7b4d01a3a0649fcda9d",
                "sha256:9c673c8bfdf52f903081816b9e0e612186684f4eb4c17eeb729133022d6032e3",
                "sha256:a9e5ae5a8e8985c67e8944c23035a0dff2c26b0f5070b2f55b217a1c33bbe8b1",
                "sha256:b4fdb29c5a7406e3f7ef176b2a7079baa68b5b854f364c21abe327bbeec01cdb",
                "sha256:c184485e0dfba4dfd451c3bd348c2e685d6523543a0f91b9fd4ae90eb09e8422",
                "sha256:c9cdf251c582c16fd6a9f5e95836c90828d51b0069ad22f463761d27c6c19019",
                "sha256:e39cf61bb8582bda88cdfebc0db163b774e7e03364bbf9ce1ead13863e81e359",
                "sha256:e8fbc522303e09036c752a0afcc5c0603e917222d8bedc02813fd73b4b4ed804",
                "sha256:f34464ab1207114e73bba0794d1257c150a2b89b7a9faf504e00af7c9fd58978",
                "sha256:f52dabc96ca99ebd2169dadbe018824ebda08a795c7684a0b7d203a290f3adb0"
            ],
            "index": "pypi",
            "version": "==3.20.2"
        },
        "pyasn1": {
            "hashes": [
                "sha256:014c0e9976956a08139dc0712ae195324a75e142284d5f87f1a87ee1b068a359",
                "sha256:03840c999ba71680a131cfaee6fab142e1ed9bbd9c693e285cc6aca0d555e576",
                "sha256:0458773cfe65b153891ac249bcf1b5f8f320b7c2ce462151f8fa74de8934becf",
                "sha256:08c3c53b75eaa48d71cf8c710312316392ed40899cb34710d092e96745a358b7",
                "sha256:39c7e2ec30515947ff4e87fb6f456dfc6e84857d34be479c9d4a4ba4bf46aa5d",
                "sha256:5c9414dcfede6e441f7e8f81b43b34e834731003427e5b09e4e00e3172a10f00",
                "sha256:6e7545f1a61025a4e58bb336952c5061697da694db1cae97b116e9c46abcf7c8",
                "sha256:78fa6da68ed2727915c4767bb386ab32cdba863caa7dbe473eaae45f9959da86",
                "sha256:7ab8a544af125fb704feadb008c99a88805126fb525280b2270bb25cc1d78a12",
                "sha256:99fcc3c8d804d1bc6d9a099921e39d827026409a58f2a720dcdb89374ea0c776",
                "sha256:aef77c9fb94a3ac588e87841208bdec464471d9871bd5050a287cc9a475cd0ba",
                "sha256:e89bf84b5437b532b0803ba5c9a5e054d21fec423a89952a74f87fa2c9b7bce2",
                "sha256:fec3e9d8e36808a28efb59b489e4528c10ad0f480e57dcc32b4de5c9d8c9fdf3"
            ],
            "version": "==0.4.8"
        },
        "pyasn1-modules": {
            "hashes": [
                "sha256:0845a5582f6a02bb3e1bde9ecfc4bfcae6ec3210dd270522fee602365430c3f8",
                "sha256:0fe1b68d1e486a1ed5473f1302bd991c1611d319bba158e98b106ff86e1d7199",
                "sha256:15b7c67fabc7fc240d87fb9aabf999cf82311a6d6fb2c70d00d3d0604878c811",
                "sha256:426edb7a5e8879f1ec54a1864f16b882c2837bfd06eee62f2c982315ee2473ed",
                "sha256:65cebbaffc913f4fe9e4808735c95ea22d7a7775646ab690518c056784bc21b4",
                "sha256:905f84c712230b2c592c19470d3ca8d552de726050d1d1716282a1f6146be65e",
                "sha256:a50b808ffeb97cb3601dd25981f6b016cbb3d31fbf57a8b8a87428e6158d0c74",
                "sha256:a99324196732f53093a84c4369c996713eb8c89d360a496b599fb1a9c47fc3eb",
                "sha256:b80486a6c77252ea3a3e9b1e360bc9cf28eaac41263d173c032581ad2f20fe45",
                "sha256:c29a5e5cc7a3f05926aff34e097e84f8589cd790ce0ed41b67aed6857b26aafd",
                "sha256:cbac4bc38d117f2a49aeedec4407d23e8866ea4ac27ff2cf7fb3e5b570df19e0",
                "sha256:f39edd8c4ecaa4556e989147ebf219227e2cd2e8a43c7e7fcb1f1c18c5fd6a3d",
                "sha256:fe0644d9ab041506b62782e92b06b8c68cca799e1a9636ec398675459e031405"
            ],
            "version": "==0.2.8"
        },
        "requests": {
            "hashes": [
                "sha256:7c5599b102feddaa661c826c56ab4fee28bfd17f5abca1ebbe3e7f19d7c97983",
                "sha256:8fefa2a1a1365bf5520aac41836fbee479da67864514bdb821f31ce07ce65349"
            ],
            "markers": "python_version >= '3.7' and python_version < '4'",
            "version": "==2.28.1"
        },
        "rsa": {
            "hashes": [
                "sha256:90260d9058e514786967344d0ef75fa8727eed8a7d2e43ce9f4bcf1b536174f7",
                "sha256:e38464a49c6c85d7f1351b0126661487a7e0a14a50f1675ec50eb34d4f20ef21"
            ],
            "markers": "python_version >= '3.6'",
            "version": "==4.9"
        },
        "six": {
            "hashes": [
                "sha256:1e61c37477a1626458e36f7b1d82aa5c9b094fa4802892072e49de9c60c4c926",
                "sha256:8abb2f1d86890a2dfb989f9a77cfcfd3e47c2a354b01111771326f8aa26e0254"
            ],
            "markers": "python_version >= '2.7' and python_version not in '3.0, 3.1, 3.2, 3.3'",
            "version": "==1.16.0"
        },
        "urllib3": {
            "hashes": [
                "sha256:3fa96cf423e6987997fc326ae8df396db2a8b7c667747d47ddd8ecba91f4a74e",
                "sha256:b930dd878d5a8afb066a637fbb35144fe7901e3b209d1cd4f524bd0e9deee997"
            ],
            "markers": "python_version >= '2.7' and python_version not in '3.0, 3.1, 3.2, 3.3, 3.4, 3.5' and python_version < '4'",
            "version": "==1.26.12"
        }
    },
    "develop": {}
}
